
Microsoft Visual Studio Solution File, Format Version 12.00
# Visual Studio Version 17
VisualStudioVersion = 17.4.33103.184
MinimumVisualStudioVersion = 10.0.40219.1
Project("{9A19103F-16F7-4668-BE54-9A1E7A4F7556}") = "cotaparlamentar.api", "cotaparlamentar.api\cotaparlamentar.api.csproj", "{066B3AC9-726A-4372-9DB3-59398D957E6C}"
EndProject
Project("{9A19103F-16F7-4668-BE54-9A1E7A4F7556}") = "Magick.NET.WebImageExtensions", "Magick.NET.WebImageExtensions\Magick.NET.WebImageExtensions.csproj", "{9017E6D9-2BB7-4247-902A-D8A11A504175}"
EndProject
Global
	GlobalSection(SolutionConfigurationPlatforms) = preSolution
		Debug|Any CPU = Debug|Any CPU
		Release|Any CPU = Release|Any CPU
		ReleaseQ16|Any CPU = ReleaseQ16|Any CPU
		ReleaseQ16-HDRI|Any CPU = ReleaseQ16-HDRI|Any CPU
		ReleaseQ8|Any CPU = ReleaseQ8|Any CPU
	EndGlobalSection
	GlobalSection(ProjectConfigurationPlatforms) = postSolution
		{066B3AC9-726A-4372-9DB3-59398D957E6C}.Debug|Any CPU.ActiveCfg = Debug|Any CPU
		{066B3AC9-726A-4372-9DB3-59398D957E6C}.Debug|Any CPU.Build.0 = Debug|Any CPU
		{066B3AC9-726A-4372-9DB3-59398D957E6C}.Release|Any CPU.ActiveCfg = Release|Any CPU
		{066B3AC9-726A-4372-9DB3-59398D957E6C}.Release|Any CPU.Build.0 = Release|Any CPU
		{066B3AC9-726A-4372-9DB3-59398D957E6C}.ReleaseQ16|Any CPU.ActiveCfg = Release|Any CPU
		{066B3AC9-726A-4372-9DB3-59398D957E6C}.ReleaseQ16|Any CPU.Build.0 = Release|Any CPU
		{066B3AC9-726A-4372-9DB3-59398D957E6C}.ReleaseQ16-HDRI|Any CPU.ActiveCfg = Release|Any CPU
		{066B3AC9-726A-4372-9DB3-59398D957E6C}.ReleaseQ16-HDRI|Any CPU.Build.0 = Release|Any CPU
		{066B3AC9-726A-4372-9DB3-59398D957E6C}.ReleaseQ8|Any CPU.ActiveCfg = Release|Any CPU
		{066B3AC9-726A-4372-9DB3-59398D957E6C}.ReleaseQ8|Any CPU.Build.0 = Release|Any CPU
		{9017E6D9-2BB7-4247-902A-D8A11A504175}.Debug|Any CPU.ActiveCfg = ReleaseQ8|Any CPU
		{9017E6D9-2BB7-4247-902A-D8A11A504175}.Debug|Any CPU.Build.0 = ReleaseQ8|Any CPU
		{9017E6D9-2BB7-4247-902A-D8A11A504175}.Release|Any CPU.ActiveCfg = ReleaseQ8|Any CPU
		{9017E6D9-2BB7-4247-902A-D8A11A504175}.Release|Any CPU.Build.0 = ReleaseQ8|Any CPU
		{9017E6D9-2BB7-4247-902A-D8A11A504175}.ReleaseQ16|Any CPU.ActiveCfg = ReleaseQ16|Any CPU
		{9017E6D9-2BB7-4247-902A-D8A11A504175}.ReleaseQ16|Any CPU.Build.0 = ReleaseQ16|Any CPU
		{9017E6D9-2BB7-4247-902A-D8A11A504175}.ReleaseQ16-HDRI|Any CPU.ActiveCfg = ReleaseQ16-HDRI|Any CPU
		{9017E6D9-2BB7-4247-902A-D8A11A504175}.ReleaseQ16-HDRI|Any CPU.Build.0 = ReleaseQ16-HDRI|Any CPU
		{9017E6D9-2BB7-4247-902A-D8A11A504175}.ReleaseQ8|Any CPU.ActiveCfg = ReleaseQ8|Any CPU
		{9017E6D9-2BB7-4247-902A-D8A11A504175}.ReleaseQ8|Any CPU.Build.0 = ReleaseQ8|Any CPU
	EndGlobalSection
	GlobalSection(SolutionProperties) = preSolution
		HideSolutionNode = FALSE
	EndGlobalSection
	GlobalSection(ExtensibilityGlobals) = postSolution
		SolutionGuid = {B4725A3E-33CF-46BA-8313-93AA99C3E0A7}
	EndGlobalSection
EndGlobal
